
Microsoft Visual Studio Solution File, Format Version 12.00
# Visual Studio Version 17
VisualStudioVersion = 17.13.35828.75 d17.13
MinimumVisualStudioVersion = 10.0.40219.1
Project("{FAE04EC0-301F-11D3-BF4B-00C04F79EFBC}") = "DontNetCore-MinimalApiStructure", "DontNetCore-MinimalApiSample-Full\DontNetCore-MinimalApiStructure.csproj", "{EF714978-4409-475F-ADBE-461CDECFBE23}"
EndProject
Global
	GlobalSection(SolutionConfigurationPlatforms) = preSolution
		Debug|Any CPU = Debug|Any CPU
		Release|Any CPU = Release|Any CPU
	EndGlobalSection
	GlobalSection(ProjectConfigurationPlatforms) = postSolution
		{EF714978-4409-475F-ADBE-461CDECFBE23}.Debug|Any CPU.ActiveCfg = Debug|Any CPU
		{EF714978-4409-475F-ADBE-461CDECFBE23}.Debug|Any CPU.Build.0 = Debug|Any CPU
		{EF714978-4409-475F-ADBE-461CDECFBE23}.Release|Any CPU.ActiveCfg = Release|Any CPU
		{EF714978-4409-475F-ADBE-461CDECFBE23}.Release|Any CPU.Build.0 = Release|Any CPU
	EndGlobalSection
	GlobalSection(SolutionProperties) = preSolution
		HideSolutionNode = FALSE
	EndGlobalSection
	GlobalSection(ExtensibilityGlobals) = postSolution
		SolutionGuid = {FEEDFD92-0A3B-4B86-8E11-0C252826CDC4}
	EndGlobalSection
EndGlobal
